
Microsoft Visual Studio Solution File, Format Version 12.00
# Visual Studio 2012
Project("{8BC9CEB8-8B4A-11D0-8D11-00A0C91BC942}") = "SendMail", "SendMail\SendMail.vcxproj", "{CD2E1974-2F6C-4B06-8A6C-CB58F0A06C2C}"
EndProject
Project("{8BC9CEB8-8B4A-11D0-8D11-00A0C91BC942}") = "Base64Test", "Base64Test\Base64Test.vcxproj", "{8D75E419-9B3D-46E5-869E-BC2A56B9414C}"
EndProject
Global
	GlobalSection(SolutionConfigurationPlatforms) = preSolution
		Debug|Win32 = Debug|Win32
		Release|Win32 = Release|Win32
	EndGlobalSection
	GlobalSection(ProjectConfigurationPlatforms) = postSolution
		{CD2E1974-2F6C-4B06-8A6C-CB58F0A06C2C}.Debug|Win32.ActiveCfg = Debug|Win32
		{CD2E1974-2F6C-4B06-8A6C-CB58F0A06C2C}.Debug|Win32.Build.0 = Debug|Win32
		{CD2E1974-2F6C-4B06-8A6C-CB58F0A06C2C}.Debug|Win32.Deploy.0 = Debug|Win32
		{CD2E1974-2F6C-4B06-8A6C-CB58F0A06C2C}.Release|Win32.ActiveCfg = Release|Win32
		{CD2E1974-2F6C-4B06-8A6C-CB58F0A06C2C}.Release|Win32.Build.0 = Release|Win32
		{CD2E1974-2F6C-4B06-8A6C-CB58F0A06C2C}.Release|Win32.Deploy.0 = Release|Win32
		{8D75E419-9B3D-46E5-869E-BC2A56B9414C}.Debug|Win32.ActiveCfg = Debug|Win32
		{8D75E419-9B3D-46E5-869E-BC2A56B9414C}.Debug|Win32.Build.0 = Debug|Win32
		{8D75E419-9B3D-46E5-869E-BC2A56B9414C}.Debug|Win32.Deploy.0 = Debug|Win32
		{8D75E419-9B3D-46E5-869E-BC2A56B9414C}.Release|Win32.ActiveCfg = Release|Win32
		{8D75E419-9B3D-46E5-869E-BC2A56B9414C}.Release|Win32.Build.0 = Release|Win32
		{8D75E419-9B3D-46E5-869E-BC2A56B9414C}.Release|Win32.Deploy.0 = Release|Win32
	EndGlobalSection
	GlobalSection(SolutionProperties) = preSolution
		HideSolutionNode = FALSE
	EndGlobalSection
EndGlobal
